
Microsoft Visual Studio Solution File, Format Version 12.00
# Visual Studio Version 17
VisualStudioVersion = 17.1.32210.238
MinimumVisualStudioVersion = 10.0.40219.1
Project("{FAE04EC0-301F-11D3-BF4B-00C04F79EFBC}") = "VP201835016", "VP201835016\VP201835016.csproj", "{47C2BDCA-14B1-445C-9815-82A9AC8368E5}"
EndProject
Global
	GlobalSection(SolutionConfigurationPlatforms) = preSolution
		Debug|Any CPU = Debug|Any CPU
		Release|Any CPU = Release|Any CPU
	EndGlobalSection
	GlobalSection(ProjectConfigurationPlatforms) = postSolution
		{47C2BDCA-14B1-445C-9815-82A9AC8368E5}.Debug|Any CPU.ActiveCfg = Debug|Any CPU
		{47C2BDCA-14B1-445C-9815-82A9AC8368E5}.Debug|Any CPU.Build.0 = Debug|Any CPU
		{47C2BDCA-14B1-445C-9815-82A9AC8368E5}.Release|Any CPU.ActiveCfg = Release|Any CPU
		{47C2BDCA-14B1-445C-9815-82A9AC8368E5}.Release|Any CPU.Build.0 = Release|Any CPU
	EndGlobalSection
	GlobalSection(SolutionProperties) = preSolution
		HideSolutionNode = FALSE
	EndGlobalSection
	GlobalSection(ExtensibilityGlobals) = postSolution
		SolutionGuid = {5FF094C1-07A5-4013-8144-013DD30F1EA2}
	EndGlobalSection
EndGlobal
